
Microsoft Visual Studio Solution File, Format Version 12.00
# Visual Studio Version 16
VisualStudioVersion = 16.0.32228.343
MinimumVisualStudioVersion = 10.0.40219.1
Project("{FAE04EC0-301F-11D3-BF4B-00C04F79EFBC}") = "ikojun00", "ikojun00.csproj", "{E0D22069-F44F-4ED7-9262-226D81B69A11}"
EndProject
Global
	GlobalSection(SolutionConfigurationPlatforms) = preSolution
		Debug|Any CPU = Debug|Any CPU
		Release|Any CPU = Release|Any CPU
	EndGlobalSection
	GlobalSection(ProjectConfigurationPlatforms) = postSolution
		{E0D22069-F44F-4ED7-9262-226D81B69A11}.Debug|Any CPU.ActiveCfg = Debug|Any CPU
		{E0D22069-F44F-4ED7-9262-226D81B69A11}.Debug|Any CPU.Build.0 = Debug|Any CPU
		{E0D22069-F44F-4ED7-9262-226D81B69A11}.Release|Any CPU.ActiveCfg = Release|Any CPU
		{E0D22069-F44F-4ED7-9262-226D81B69A11}.Release|Any CPU.Build.0 = Release|Any CPU
	EndGlobalSection
	GlobalSection(SolutionProperties) = preSolution
		HideSolutionNode = FALSE
	EndGlobalSection
	GlobalSection(ExtensibilityGlobals) = postSolution
		SolutionGuid = {BCB3738C-F3F3-4BD3-A2CD-2316895C3063}
	EndGlobalSection
EndGlobal
